Microsoft Visual Studio Solution File, Format Version 11.00
# Visual Studio 2008

Project("{8BAAE2F9-0891-73E5-A555-4E73F22E21B1}") = "192 Test2", "Assembly-CSharp.csproj", "{0487B689-E96A-3064-CCDE-936E4DEE493D}"
EndProject
Global
	GlobalSection(SolutionConfigurationPlatforms) = preSolution
		Debug|Any CPU = Debug|Any CPU
		Release|Any CPU = Release|Any CPU
	EndGlobalSection
	GlobalSection(ProjectConfigurationPlatforms) = postSolution
		{0487B689-E96A-3064-CCDE-936E4DEE493D}.Debug|Any CPU.ActiveCfg = Debug|Any CPU
		{0487B689-E96A-3064-CCDE-936E4DEE493D}.Debug|Any CPU.Build.0 = Debug|Any CPU
		{0487B689-E96A-3064-CCDE-936E4DEE493D}.Release|Any CPU.ActiveCfg = Release|Any CPU
		{0487B689-E96A-3064-CCDE-936E4DEE493D}.Release|Any CPU.Build.0 = Release|Any CPU
	EndGlobalSection
	GlobalSection(SolutionProperties) = preSolution
		HideSolutionNode = FALSE
	EndGlobalSection
	GlobalSection(MonoDevelopProperties) = preSolution
		StartupItem = Assembly-CSharp.csproj
	EndGlobalSection
EndGlobal
