
Microsoft Visual Studio Solution File, Format Version 12.00
# Visual Studio 2015
Project("{FAE04EC0-301F-11D3-BF4B-00C04F79EFBC}") = "helloUnityExample.CSharp", "helloUnityExample.CSharp.csproj", "{0B99EA1E-A8B3-E627-BBB0-6C6F80E424E5}"
EndProject
Global
	GlobalSection(SolutionConfigurationPlatforms) = preSolution
		Debug|Any CPU = Debug|Any CPU
		Release|Any CPU = Release|Any CPU
	EndGlobalSection
	GlobalSection(ProjectConfigurationPlatforms) = postSolution
		{0B99EA1E-A8B3-E627-BBB0-6C6F80E424E5}.Debug|Any CPU.ActiveCfg = Debug|Any CPU
		{0B99EA1E-A8B3-E627-BBB0-6C6F80E424E5}.Debug|Any CPU.Build.0 = Debug|Any CPU
		{0B99EA1E-A8B3-E627-BBB0-6C6F80E424E5}.Release|Any CPU.ActiveCfg = Release|Any CPU
		{0B99EA1E-A8B3-E627-BBB0-6C6F80E424E5}.Release|Any CPU.Build.0 = Release|Any CPU
	EndGlobalSection
	GlobalSection(SolutionProperties) = preSolution
		HideSolutionNode = FALSE
	EndGlobalSection
EndGlobal
